// !$*UTF8*$!
{
	archiveVersion = 1;
	classes = {
	};
	objectVersion = 50;
	objects = {

/* Begin PBXBuildFile section */
		D5857A33B33C272F32203E14 /* Pods_FoodTracker.framework in Frameworks */ = {isa = PBXBuildFile; fileRef = E888EE24C1E54695C6FBA245 /* Pods_FoodTracker.framework */; };
		E816835C20DEA492005B00CF /* BizzyAuthViewController.swift in Sources */ = {isa = PBXBuildFile; fileRef = E816835B20DEA492005B00CF /* BizzyAuthViewController.swift */; };
		E81D3C0C20C4256B009C09DC /* VisitorInputViewController.swift in Sources */ = {isa = PBXBuildFile; fileRef = E81D3C0B20C4256B009C09DC /* VisitorInputViewController.swift */; };
		E82821DC20C6FF060051075E /* MainViewController.swift in Sources */ = {isa = PBXBuildFile; fileRef = E82821DB20C6FF060051075E /* MainViewController.swift */; };
		E8511AB420CED44600C2247D /* BalloonMarker.swift in Sources */ = {isa = PBXBuildFile; fileRef = E8511AB320CED44600C2247D /* BalloonMarker.swift */; };
		E8519E3220C46D1F00C7EDD8 /* DataViewController.swift in Sources */ = {isa = PBXBuildFile; fileRef = E8519E3120C46D1F00C7EDD8 /* DataViewController.swift */; };
		E85F465920BD8884001382C8 /* RatingControl.swift in Sources */ = {isa = PBXBuildFile; fileRef = E85F465820BD8884001382C8 /* RatingControl.swift */; };
		E863DD4520C44310007A9E96 /* GoogleService-Info.plist in Resources */ = {isa = PBXBuildFile; fileRef = E863DD4420C44310007A9E96 /* GoogleService-Info.plist */; };
		E87AFBC920C1C55E004530C3 /* MealTableViewCell.swift in Sources */ = {isa = PBXBuildFile; fileRef = E87AFBC820C1C55E004530C3 /* MealTableViewCell.swift */; };
		E87AFBCD20C1CA6B004530C3 /* MealTableViewController.swift in Sources */ = {isa = PBXBuildFile; fileRef = E87AFBCC20C1CA6B004530C3 /* MealTableViewController.swift */; };
		E8AB787120CAB653001E3A28 /* ChartStringFormatter.swift in Sources */ = {isa = PBXBuildFile; fileRef = E8AB787020CAB653001E3A28 /* ChartStringFormatter.swift */; };
		E8AB787320CD5534001E3A28 /* SignViewController.swift in Sources */ = {isa = PBXBuildFile; fileRef = E8AB787220CD5534001E3A28 /* SignViewController.swift */; };
		E8B162C220C158AF00C3990D /* Meal.swift in Sources */ = {isa = PBXBuildFile; fileRef = E8B162C020C158AC00C3990D /* Meal.swift */; };
		E8D043E720BB299A0075154A /* AppDelegate.swift in Sources */ = {isa = PBXBuildFile; fileRef = E8D043E620BB299A0075154A /* AppDelegate.swift */; };
		E8D043E920BB299A0075154A /* MealViewController.swift in Sources */ = {isa = PBXBuildFile; fileRef = E8D043E820BB299A0075154A /* MealViewController.swift */; };
		E8D043EC20BB299A0075154A /* Main.storyboard in Resources */ = {isa = PBXBuildFile; fileRef = E8D043EA20BB299A0075154A /* Main.storyboard */; };
		E8D043EE20BB299A0075154A /* Assets.xcassets in Resources */ = {isa = PBXBuildFile; fileRef = E8D043ED20BB299A0075154A /* Assets.xcassets */; };
		E8D043F120BB299A0075154A /* LaunchScreen.storyboard in Resources */ = {isa = PBXBuildFile; fileRef = E8D043EF20BB299A0075154A /* LaunchScreen.storyboard */; };
		E8D043FC20BB299B0075154A /* FoodTrackerTests.swift in Sources */ = {isa = PBXBuildFile; fileRef = E8D043FB20BB299B0075154A /* FoodTrackerTests.swift */; };
		E8D2561F20D6886100BEF2F5 /* CounterViewController.swift in Sources */ = {isa = PBXBuildFile; fileRef = E8D2561E20D6886100BEF2F5 /* CounterViewController.swift */; };
		EF4EAD3077B4609B737E3DFA /* Pods_FoodTrackerTests.framework in Frameworks */ = {isa = PBXBuildFile; fileRef = AD6B477FC66B9494A587D8CB /* Pods_FoodTrackerTests.framework */; };
/* End PBXBuildFile section */

/* Begin PBXContainerItemProxy section */
		E8D043F820BB299A0075154A /* PBXContainerItemProxy */ = {
			isa = PBXContainerItemProxy;
			containerPortal = E8D043DB20BB299A0075154A /* Project object */;
			proxyType = 1;
			remoteGlobalIDString = E8D043E220BB299A0075154A;
			remoteInfo = FoodTracker;
		};
/* End PBXContainerItemProxy section */

/* Begin PBXFileReference section */
		0E93566E51B2039ECB404A80 /* Pods-FoodTrackerTests.debug.xcconfig */ = {isa = PBXFileReference; includeInIndex = 1; lastKnownFileType = text.xcconfig; name = "Pods-FoodTrackerTests.debug.xcconfig"; path = "Pods/Target Support Files/Pods-FoodTrackerTests/Pods-FoodTrackerTests.debug.xcconfig"; sourceTree = "<group>"; };
		1E60EF7C1FA04DB058D8AD97 /* Pods-FoodTracker.debug.xcconfig */ = {isa = PBXFileReference; includeInIndex = 1; lastKnownFileType = text.xcconfig; name = "Pods-FoodTracker.debug.xcconfig"; path = "Pods/Target Support Files/Pods-FoodTracker/Pods-FoodTracker.debug.xcconfig"; sourceTree = "<group>"; };
		95A2C73B7015531849720D8D /* Pods-FoodTracker.release.xcconfig */ = {isa = PBXFileReference; includeInIndex = 1; lastKnownFileType = text.xcconfig; name = "Pods-FoodTracker.release.xcconfig"; path = "Pods/Target Support Files/Pods-FoodTracker/Pods-FoodTracker.release.xcconfig"; sourceTree = "<group>"; };
		9D3FE9D31EF8CCE97EAE426B /* Pods-FoodTrackerTests.release.xcconfig */ = {isa = PBXFileReference; includeInIndex = 1; lastKnownFileType = text.xcconfig; name = "Pods-FoodTrackerTests.release.xcconfig"; path = "Pods/Target Support Files/Pods-FoodTrackerTests/Pods-FoodTrackerTests.release.xcconfig"; sourceTree = "<group>"; };
		AD6B477FC66B9494A587D8CB /* Pods_FoodTrackerTests.framework */ = {isa = PBXFileReference; explicitFileType = wrapper.framework; includeInIndex = 0; path = Pods_FoodTrackerTests.framework; sourceTree = BUILT_PRODUCTS_DIR; };
		E816835B20DEA492005B00CF /* BizzyAuthViewController.swift */ = {isa = PBXFileReference; lastKnownFileType = sourcecode.swift; path = BizzyAuthViewController.swift; sourceTree = "<group>"; };
		E81D3C0B20C4256B009C09DC /* VisitorInputViewController.swift */ = {isa = PBXFileReference; lastKnownFileType = sourcecode.swift; path = VisitorInputViewController.swift; sourceTree = "<group>"; };
		E82821DB20C6FF060051075E /* MainViewController.swift */ = {isa = PBXFileReference; lastKnownFileType = sourcecode.swift; path = MainViewController.swift; sourceTree = "<group>"; };
		E8511AB320CED44600C2247D /* BalloonMarker.swift */ = {isa = PBXFileReference; lastKnownFileType = sourcecode.swift; path = BalloonMarker.swift; sourceTree = "<group>"; };
		E8519E3120C46D1F00C7EDD8 /* DataViewController.swift */ = {isa = PBXFileReference; lastKnownFileType = sourcecode.swift; path = DataViewController.swift; sourceTree = "<group>"; };
		E85F465820BD8884001382C8 /* RatingControl.swift */ = {isa = PBXFileReference; lastKnownFileType = sourcecode.swift; path = RatingControl.swift; sourceTree = "<group>"; };
		E863DD4420C44310007A9E96 /* GoogleService-Info.plist */ = {isa = PBXFileReference; fileEncoding = 4; lastKnownFileType = text.plist.xml; name = "GoogleService-Info.plist"; path = "../../../../../Downloads/GoogleService-Info.plist"; sourceTree = "<group>"; };
		E87AFBC820C1C55E004530C3 /* MealTableViewCell.swift */ = {isa = PBXFileReference; lastKnownFileType = sourcecode.swift; path = MealTableViewCell.swift; sourceTree = "<group>"; };
		E87AFBCC20C1CA6B004530C3 /* MealTableViewController.swift */ = {isa = PBXFileReference; lastKnownFileType = sourcecode.swift; name = MealTableViewController.swift; path = ../MealTableViewController.swift; sourceTree = "<group>"; };
		E888EE24C1E54695C6FBA245 /* Pods_FoodTracker.framework */ = {isa = PBXFileReference; explicitFileType = wrapper.framework; includeInIndex = 0; path = Pods_FoodTracker.framework; sourceTree = BUILT_PRODUCTS_DIR; };
		E8AB787020CAB653001E3A28 /* ChartStringFormatter.swift */ = {isa = PBXFileReference; lastKnownFileType = sourcecode.swift; path = ChartStringFormatter.swift; sourceTree = "<group>"; };
		E8AB787220CD5534001E3A28 /* SignViewController.swift */ = {isa = PBXFileReference; lastKnownFileType = sourcecode.swift; path = SignViewController.swift; sourceTree = "<group>"; };
		E8B162C020C158AC00C3990D /* Meal.swift */ = {isa = PBXFileReference; lastKnownFileType = sourcecode.swift; name = Meal.swift; path = FoodTracker/Meal.swift; sourceTree = SOURCE_ROOT; };
		E8D043E320BB299A0075154A /* FoodTracker.app */ = {isa = PBXFileReference; explicitFileType = wrapper.application; includeInIndex = 0; path = FoodTracker.app; sourceTree = BUILT_PRODUCTS_DIR; };
		E8D043E620BB299A0075154A /* AppDelegate.swift */ = {isa = PBXFileReference; lastKnownFileType = sourcecode.swift; path = AppDelegate.swift; sourceTree = "<group>"; };
		E8D043E820BB299A0075154A /* MealViewController.swift */ = {isa = PBXFileReference; lastKnownFileType = sourcecode.swift; path = MealViewController.swift; sourceTree = "<group>"; };
		E8D043EB20BB299A0075154A /* Base */ = {isa = PBXFileReference; lastKnownFileType = file.storyboard; name = Base; path = Base.lproj/Main.storyboard; sourceTree = "<group>"; };
		E8D043ED20BB299A0075154A /* Assets.xcassets */ = {isa = PBXFileReference; lastKnownFileType = folder.assetcatalog; path = Assets.xcassets; sourceTree = "<group>"; };
		E8D043F020BB299A0075154A /* Base */ = {isa = PBXFileReference; lastKnownFileType = file.storyboard; name = Base; path = Base.lproj/LaunchScreen.storyboard; sourceTree = "<group>"; };
		E8D043F220BB299A0075154A /* Info.plist */ = {isa = PBXFileReference; lastKnownFileType = text.plist.xml; path = Info.plist; sourceTree = "<group>"; };
		E8D043F720BB299A0075154A /* FoodTrackerTests.xctest */ = {isa = PBXFileReference; explicitFileType = wrapper.cfbundle; includeInIndex = 0; path = FoodTrackerTests.xctest; sourceTree = BUILT_PRODUCTS_DIR; };
		E8D043FB20BB299B0075154A /* FoodTrackerTests.swift */ = {isa = PBXFileReference; lastKnownFileType = sourcecode.swift; path = FoodTrackerTests.swift; sourceTree = "<group>"; };
		E8D043FD20BB299B0075154A /* Info.plist */ = {isa = PBXFileReference; lastKnownFileType = text.plist.xml; path = Info.plist; sourceTree = "<group>"; };
		E8D2561E20D6886100BEF2F5 /* CounterViewController.swift */ = {isa = PBXFileReference; lastKnownFileType = sourcecode.swift; path = CounterViewController.swift; sourceTree = "<group>"; };
/* End PBXFileReference section */

/* Begin PBXFrameworksBuildPhase section */
		E8D043E020BB299A0075154A /* Frameworks */ = {
			isa = PBXFrameworksBuildPhase;
			buildActionMask = 2147483647;
			files = (
				D5857A33B33C272F32203E14 /* Pods_FoodTracker.framework in Frameworks */,
			);
			runOnlyForDeploymentPostprocessing = 0;
		};
		E8D043F420BB299A0075154A /* Frameworks */ = {
			isa = PBXFrameworksBuildPhase;
			buildActionMask = 2147483647;
			files = (
				EF4EAD3077B4609B737E3DFA /* Pods_FoodTrackerTests.framework in Frameworks */,
			);
			runOnlyForDeploymentPostprocessing = 0;
		};
/* End PBXFrameworksBuildPhase section */

/* Begin PBXGroup section */
		51BBC7D123C3D6061BC0A0BD /* Frameworks */ = {
			isa = PBXGroup;
			children = (
				E888EE24C1E54695C6FBA245 /* Pods_FoodTracker.framework */,
				AD6B477FC66B9494A587D8CB /* Pods_FoodTrackerTests.framework */,
			);
			name = Frameworks;
			sourceTree = "<group>";
		};
		7E2A25620E3E403B6D284009 /* Pods */ = {
			isa = PBXGroup;
			children = (
				1E60EF7C1FA04DB058D8AD97 /* Pods-FoodTracker.debug.xcconfig */,
				95A2C73B7015531849720D8D /* Pods-FoodTracker.release.xcconfig */,
				0E93566E51B2039ECB404A80 /* Pods-FoodTrackerTests.debug.xcconfig */,
				9D3FE9D31EF8CCE97EAE426B /* Pods-FoodTrackerTests.release.xcconfig */,
			);
			name = Pods;
			sourceTree = "<group>";
		};
		E8D043DA20BB299A0075154A = {
			isa = PBXGroup;
			children = (
				E8D043E520BB299A0075154A /* FoodTracker */,
				E8D043FA20BB299A0075154A /* FoodTrackerTests */,
				E8D043E420BB299A0075154A /* Products */,
				7E2A25620E3E403B6D284009 /* Pods */,
				51BBC7D123C3D6061BC0A0BD /* Frameworks */,
			);
			sourceTree = "<group>";
		};
		E8D043E420BB299A0075154A /* Products */ = {
			isa = PBXGroup;
			children = (
				E8D043E320BB299A0075154A /* FoodTracker.app */,
				E8D043F720BB299A0075154A /* FoodTrackerTests.xctest */,
			);
			name = Products;
			sourceTree = "<group>";
		};
		E8D043E520BB299A0075154A /* FoodTracker */ = {
			isa = PBXGroup;
			children = (
				E87AFBC820C1C55E004530C3 /* MealTableViewCell.swift */,
				E8B162C020C158AC00C3990D /* Meal.swift */,
				E8D043E620BB299A0075154A /* AppDelegate.swift */,
				E87AFBCC20C1CA6B004530C3 /* MealTableViewController.swift */,
				E8D043E820BB299A0075154A /* MealViewController.swift */,
				E85F465820BD8884001382C8 /* RatingControl.swift */,
				E8D043EA20BB299A0075154A /* Main.storyboard */,
				E8AB787220CD5534001E3A28 /* SignViewController.swift */,
				E816835B20DEA492005B00CF /* BizzyAuthViewController.swift */,
				E82821DB20C6FF060051075E /* MainViewController.swift */,
				E8D2561E20D6886100BEF2F5 /* CounterViewController.swift */,
				E8511AB320CED44600C2247D /* BalloonMarker.swift */,
				E8AB787020CAB653001E3A28 /* ChartStringFormatter.swift */,
				E8519E3120C46D1F00C7EDD8 /* DataViewController.swift */,
				E81D3C0B20C4256B009C09DC /* VisitorInputViewController.swift */,
				E8D043ED20BB299A0075154A /* Assets.xcassets */,
				E8D043EF20BB299A0075154A /* LaunchScreen.storyboard */,
				E8D043F220BB299A0075154A /* Info.plist */,
				E863DD4420C44310007A9E96 /* GoogleService-Info.plist */,
			);
			path = FoodTracker;
			sourceTree = "<group>";
		};
		E8D043FA20BB299A0075154A /* FoodTrackerTests */ = {
			isa = PBXGroup;
			children = (
				E8D043FB20BB299B0075154A /* FoodTrackerTests.swift */,
				E8D043FD20BB299B0075154A /* Info.plist */,
			);
			path = FoodTrackerTests;
			sourceTree = "<group>";
		};
/* End PBXGroup section */

/* Begin PBXNativeTarget section */
		E8D043E220BB299A0075154A /* FoodTracker */ = {
			isa = PBXNativeTarget;
			buildConfigurationList = E8D0440020BB299B0075154A /* Build configuration list for PBXNativeTarget "FoodTracker" */;
			buildPhases = (
				0985B21086AE1B2073ADC609 /* [CP] Check Pods Manifest.lock */,
				E8D043DF20BB299A0075154A /* Sources */,
				E8D043E020BB299A0075154A /* Frameworks */,
				E8D043E120BB299A0075154A /* Resources */,
				579A2C108AC4982997E2F244 /* [CP] Embed Pods Frameworks */,
				747A5FDE30CE593A9C4B68FC /* [CP] Copy Pods Resources */,
			);
			buildRules = (
			);
			dependencies = (
			);
			name = FoodTracker;
			productName = FoodTracker;
			productReference = E8D043E320BB299A0075154A /* FoodTracker.app */;
			productType = "com.apple.product-type.application";
		};
		E8D043F620BB299A0075154A /* FoodTrackerTests */ = {
			isa = PBXNativeTarget;
			buildConfigurationList = E8D0440320BB299B0075154A /* Build configuration list for PBXNativeTarget "FoodTrackerTests" */;
			buildPhases = (
				0767FCECBFF72AF12919C4D9 /* [CP] Check Pods Manifest.lock */,
				E8D043F320BB299A0075154A /* Sources */,
				E8D043F420BB299A0075154A /* Frameworks */,
				E8D043F520BB299A0075154A /* Resources */,
			);
			buildRules = (
			);
			dependencies = (
				E8D043F920BB299A0075154A /* PBXTargetDependency */,
			);
			name = FoodTrackerTests;
			productName = FoodTrackerTests;
			productReference = E8D043F720BB299A0075154A /* FoodTrackerTests.xctest */;
			productType = "com.apple.product-type.bundle.unit-test";
		};
/* End PBXNativeTarget section */

/* Begin PBXProject section */
		E8D043DB20BB299A0075154A /* Project object */ = {
			isa = PBXProject;
			attributes = {
				LastSwiftUpdateCheck = 0930;
				LastUpgradeCheck = 0930;
				ORGANIZATIONNAME = "Huascar  Montero";
				TargetAttributes = {
					E8D043E220BB299A0075154A = {
						CreatedOnToolsVersion = 9.3.1;
					};
					E8D043F620BB299A0075154A = {
						CreatedOnToolsVersion = 9.3.1;
						TestTargetID = E8D043E220BB299A0075154A;
					};
				};
			};
			buildConfigurationList = E8D043DE20BB299A0075154A /* Build configuration list for PBXProject "FoodTracker" */;
			compatibilityVersion = "Xcode 9.3";
			developmentRegion = en;
			hasScannedForEncodings = 0;
			knownRegions = (
				en,
				Base,
			);
			mainGroup = E8D043DA20BB299A0075154A;
			productRefGroup = E8D043E420BB299A0075154A /* Products */;
			projectDirPath = "";
			projectRoot = "";
			targets = (
				E8D043E220BB299A0075154A /* FoodTracker */,
				E8D043F620BB299A0075154A /* FoodTrackerTests */,
			);
		};
/* End PBXProject section */

/* Begin PBXResourcesBuildPhase section */
		E8D043E120BB299A0075154A /* Resources */ = {
			isa = PBXResourcesBuildPhase;
			buildActionMask = 2147483647;
			files = (
				E8D043F120BB299A0075154A /* LaunchScreen.storyboard in Resources */,
				E8D043EE20BB299A0075154A /* Assets.xcassets in Resources */,
				E863DD4520C44310007A9E96 /* GoogleService-Info.plist in Resources */,
				E8D043EC20BB299A0075154A /* Main.storyboard in Resources */,
			);
			runOnlyForDeploymentPostprocessing = 0;
		};
		E8D043F520BB299A0075154A /* Resources */ = {
			isa = PBXResourcesBuildPhase;
			buildActionMask = 2147483647;
			files = (
			);
			runOnlyForDeploymentPostprocessing = 0;
		};
/* End PBXResourcesBuildPhase section */

/* Begin PBXShellScriptBuildPhase section */
		0767FCECBFF72AF12919C4D9 /* [CP] Check Pods Manifest.lock */ = {
			isa = PBXShellScriptBuildPhase;
			buildActionMask = 2147483647;
			files = (
			);
			inputPaths = (
				"${PODS_PODFILE_DIR_PATH}/Podfile.lock",
				"${PODS_ROOT}/Manifest.lock",
			);
			name = "[CP] Check Pods Manifest.lock";
			outputPaths = (
				"$(DERIVED_FILE_DIR)/Pods-FoodTrackerTests-checkManifestLockResult.txt",
			);
			runOnlyForDeploymentPostprocessing = 0;
			shellPath = /bin/sh;
			shellScript = "diff \"${PODS_PODFILE_DIR_PATH}/Podfile.lock\" \"${PODS_ROOT}/Manifest.lock\" > /dev/null\nif [ $? != 0 ] ; then\n    # print error to STDERR\n    echo \"error: The sandbox is not in sync with the Podfile.lock. Run 'pod install' or update your CocoaPods installation.\" >&2\n    exit 1\nfi\n# This output is used by Xcode 'outputs' to avoid re-running this script phase.\necho \"SUCCESS\" > \"${SCRIPT_OUTPUT_FILE_0}\"\n";
			showEnvVarsInLog = 0;
		};
		0985B21086AE1B2073ADC609 /* [CP] Check Pods Manifest.lock */ = {
			isa = PBXShellScriptBuildPhase;
			buildActionMask = 2147483647;
			files = (
			);
			inputPaths = (
				"${PODS_PODFILE_DIR_PATH}/Podfile.lock",
				"${PODS_ROOT}/Manifest.lock",
			);
			name = "[CP] Check Pods Manifest.lock";
			outputPaths = (
				"$(DERIVED_FILE_DIR)/Pods-FoodTracker-checkManifestLockResult.txt",
			);
			runOnlyForDeploymentPostprocessing = 0;
			shellPath = /bin/sh;
			shellScript = "diff \"${PODS_PODFILE_DIR_PATH}/Podfile.lock\" \"${PODS_ROOT}/Manifest.lock\" > /dev/null\nif [ $? != 0 ] ; then\n    # print error to STDERR\n    echo \"error: The sandbox is not in sync with the Podfile.lock. Run 'pod install' or update your CocoaPods installation.\" >&2\n    exit 1\nfi\n# This output is used by Xcode 'outputs' to avoid re-running this script phase.\necho \"SUCCESS\" > \"${SCRIPT_OUTPUT_FILE_0}\"\n";
			showEnvVarsInLog = 0;
		};
		579A2C108AC4982997E2F244 /* [CP] Embed Pods Frameworks */ = {
			isa = PBXShellScriptBuildPhase;
			buildActionMask = 2147483647;
			files = (
			);
			inputPaths = (
				"${SRCROOT}/Pods/Target Support Files/Pods-FoodTracker/Pods-FoodTracker-frameworks.sh",
				"${BUILT_PRODUCTS_DIR}/Bolts/Bolts.framework",
				"${BUILT_PRODUCTS_DIR}/BoringSSL/openssl.framework",
				"${BUILT_PRODUCTS_DIR}/Charts/Charts.framework",
				"${BUILT_PRODUCTS_DIR}/FBSDKCoreKit/FBSDKCoreKit.framework",
				"${BUILT_PRODUCTS_DIR}/FBSDKLoginKit/FBSDKLoginKit.framework",
				"${BUILT_PRODUCTS_DIR}/GTMOAuth2/GTMOAuth2.framework",
				"${BUILT_PRODUCTS_DIR}/GTMSessionFetcher/GTMSessionFetcher.framework",
				"${BUILT_PRODUCTS_DIR}/GoogleToolboxForMac/GoogleToolboxForMac.framework",
				"${BUILT_PRODUCTS_DIR}/Protobuf/Protobuf.framework",
				"${BUILT_PRODUCTS_DIR}/SDWebImage/SDWebImage.framework",
				"${BUILT_PRODUCTS_DIR}/TTGSnackbar/TTGSnackbar.framework",
				"${PODS_ROOT}/TwitterCore/iOS/TwitterCore.framework",
				"${PODS_ROOT}/TwitterKit/iOS/TwitterKit.framework",
				"${BUILT_PRODUCTS_DIR}/gRPC/GRPCClient.framework",
				"${BUILT_PRODUCTS_DIR}/gRPC-Core/grpc.framework",
				"${BUILT_PRODUCTS_DIR}/gRPC-ProtoRPC/ProtoRPC.framework",
				"${BUILT_PRODUCTS_DIR}/gRPC-RxLibrary/RxLibrary.framework",
				"${BUILT_PRODUCTS_DIR}/leveldb-library/leveldb.framework",
				"${BUILT_PRODUCTS_DIR}/nanopb/nanopb.framework",
			);
			name = "[CP] Embed Pods Frameworks";
			outputPaths = (
				"${TARGET_BUILD_DIR}/${FRAMEWORKS_FOLDER_PATH}/Bolts.framework",
				"${TARGET_BUILD_DIR}/${FRAMEWORKS_FOLDER_PATH}/openssl.framework",
				"${TARGET_BUILD_DIR}/${FRAMEWORKS_FOLDER_PATH}/Charts.framework",
				"${TARGET_BUILD_DIR}/${FRAMEWORKS_FOLDER_PATH}/FBSDKCoreKit.framework",
				"${TARGET_BUILD_DIR}/${FRAMEWORKS_FOLDER_PATH}/FBSDKLoginKit.framework",
				"${TARGET_BUILD_DIR}/${FRAMEWORKS_FOLDER_PATH}/GTMOAuth2.framework",
				"${TARGET_BUILD_DIR}/${FRAMEWORKS_FOLDER_PATH}/GTMSessionFetcher.framework",
				"${TARGET_BUILD_DIR}/${FRAMEWORKS_FOLDER_PATH}/GoogleToolboxForMac.framework",
				"${TARGET_BUILD_DIR}/${FRAMEWORKS_FOLDER_PATH}/Protobuf.framework",
				"${TARGET_BUILD_DIR}/${FRAMEWORKS_FOLDER_PATH}/SDWebImage.framework",
				"${TARGET_BUILD_DIR}/${FRAMEWORKS_FOLDER_PATH}/TTGSnackbar.framework",
				"${TARGET_BUILD_DIR}/${FRAMEWORKS_FOLDER_PATH}/TwitterCore.framework",
				"${TARGET_BUILD_DIR}/${FRAMEWORKS_FOLDER_PATH}/TwitterKit.framework",
				"${TARGET_BUILD_DIR}/${FRAMEWORKS_FOLDER_PATH}/GRPCClient.framework",
				"${TARGET_BUILD_DIR}/${FRAMEWORKS_FOLDER_PATH}/grpc.framework",
				"${TARGET_BUILD_DIR}/${FRAMEWORKS_FOLDER_PATH}/ProtoRPC.framework",
				"${TARGET_BUILD_DIR}/${FRAMEWORKS_FOLDER_PATH}/RxLibrary.framework",
				"${TARGET_BUILD_DIR}/${FRAMEWORKS_FOLDER_PATH}/leveldb.framework",
				"${TARGET_BUILD_DIR}/${FRAMEWORKS_FOLDER_PATH}/nanopb.framework",
			);
			runOnlyForDeploymentPostprocessing = 0;
			shellPath = /bin/sh;
			shellScript = "\"${SRCROOT}/Pods/Target Support Files/Pods-FoodTracker/Pods-FoodTracker-frameworks.sh\"\n";
			showEnvVarsInLog = 0;
		};
		747A5FDE30CE593A9C4B68FC /* [CP] Copy Pods Resources */ = {
			isa = PBXShellScriptBuildPhase;
			buildActionMask = 2147483647;
			files = (
			);
			inputPaths = (
				"${SRCROOT}/Pods/Target Support Files/Pods-FoodTracker/Pods-FoodTracker-resources.sh",
				"${PODS_CONFIGURATION_BUILD_DIR}/FirebaseUI/FirebaseAuthUI.bundle",
				"${PODS_CONFIGURATION_BUILD_DIR}/FirebaseUI/FirebaseFacebookAuthUI.bundle",
				"${PODS_CONFIGURATION_BUILD_DIR}/FirebaseUI/FirebaseGoogleAuthUI.bundle",
				"${PODS_CONFIGURATION_BUILD_DIR}/FirebaseUI/FirebasePhoneAuthUI.bundle",
				"${PODS_CONFIGURATION_BUILD_DIR}/FirebaseUI/FirebaseTwitterAuthUI.bundle",
				"${PODS_ROOT}/GoogleSignIn/Resources/GoogleSignIn.bundle",
				"${PODS_ROOT}/TwitterKit/iOS/TwitterKit.framework/TwitterKitResources.bundle",
				"${PODS_ROOT}/TwitterKit/iOS/TwitterKit.framework/TwitterShareExtensionUIResources.bundle",
			);
			name = "[CP] Copy Pods Resources";
			outputPaths = (
				"${TARGET_BUILD_DIR}/${UNLOCALIZED_RESOURCES_FOLDER_PATH}/FirebaseAuthUI.bundle",
				"${TARGET_BUILD_DIR}/${UNLOCALIZED_RESOURCES_FOLDER_PATH}/FirebaseFacebookAuthUI.bundle",
				"${TARGET_BUILD_DIR}/${UNLOCALIZED_RESOURCES_FOLDER_PATH}/FirebaseGoogleAuthUI.bundle",
				"${TARGET_BUILD_DIR}/${UNLOCALIZED_RESOURCES_FOLDER_PATH}/FirebasePhoneAuthUI.bundle",
				"${TARGET_BUILD_DIR}/${UNLOCALIZED_RESOURCES_FOLDER_PATH}/FirebaseTwitterAuthUI.bundle",
				"${TARGET_BUILD_DIR}/${UNLOCALIZED_RESOURCES_FOLDER_PATH}/GoogleSignIn.bundle",
				"${TARGET_BUILD_DIR}/${UNLOCALIZED_RESOURCES_FOLDER_PATH}/TwitterKitResources.bundle",
				"${TARGET_BUILD_DIR}/${UNLOCALIZED_RESOURCES_FOLDER_PATH}/TwitterShareExtensionUIResources.bundle",
			);
			runOnlyForDeploymentPostprocessing = 0;
			shellPath = /bin/sh;
			shellScript = "\"${SRCROOT}/Pods/Target Support Files/Pods-FoodTracker/Pods-FoodTracker-resources.sh\"\n";
			showEnvVarsInLog = 0;
		};
/* End PBXShellScriptBuildPhase section */

/* Begin PBXSourcesBuildPhase section */
		E8D043DF20BB299A0075154A /* Sources */ = {
			isa = PBXSourcesBuildPhase;
			buildActionMask = 2147483647;
			files = (
				E8B162C220C158AF00C3990D /* Meal.swift in Sources */,
				E816835C20DEA492005B00CF /* BizzyAuthViewController.swift in Sources */,
				E8D043E920BB299A0075154A /* MealViewController.swift in Sources */,
				E81D3C0C20C4256B009C09DC /* VisitorInputViewController.swift in Sources */,
				E8511AB420CED44600C2247D /* BalloonMarker.swift in Sources */,
				E8AB787320CD5534001E3A28 /* SignViewController.swift in Sources */,
				E85F465920BD8884001382C8 /* RatingControl.swift in Sources */,
				E8AB787120CAB653001E3A28 /* ChartStringFormatter.swift in Sources */,
				E8D2561F20D6886100BEF2F5 /* CounterViewController.swift in Sources */,
				E8519E3220C46D1F00C7EDD8 /* DataViewController.swift in Sources */,
				E8D043E720BB299A0075154A /* AppDelegate.swift in Sources */,
				E82821DC20C6FF060051075E /* MainViewController.swift in Sources */,
				E87AFBCD20C1CA6B004530C3 /* MealTableViewController.swift in Sources */,
				E87AFBC920C1C55E004530C3 /* MealTableViewCell.swift in Sources */,
			);
			runOnlyForDeploymentPostprocessing = 0;
		};
		E8D043F320BB299A0075154A /* Sources */ = {
			isa = PBXSourcesBuildPhase;
			buildActionMask = 2147483647;
			files = (
				E8D043FC20BB299B0075154A /* FoodTrackerTests.swift in Sources */,
			);
			runOnlyForDeploymentPostprocessing = 0;
		};
/* End PBXSourcesBuildPhase section */

/* Begin PBXTargetDependency section */
		E8D043F920BB299A0075154A /* PBXTargetDependency */ = {
			isa = PBXTargetDependency;
			target = E8D043E220BB299A0075154A /* FoodTracker */;
			targetProxy = E8D043F820BB299A0075154A /* PBXContainerItemProxy */;
		};
/* End PBXTargetDependency section */

/* Begin PBXVariantGroup section */
		E8D043EA20BB299A0075154A /* Main.storyboard */ = {
			isa = PBXVariantGroup;
			children = (
				E8D043EB20BB299A0075154A /* Base */,
			);
			name = Main.storyboard;
			sourceTree = "<group>";
		};
		E8D043EF20BB299A0075154A /* LaunchScreen.storyboard */ = {
			isa = PBXVariantGroup;
			children = (
				E8D043F020BB299A0075154A /* Base */,
			);
			name = LaunchScreen.storyboard;
			sourceTree = "<group>";
		};
/* End PBXVariantGroup section */

/* Begin XCBuildConfiguration section */
		E8D043FE20BB299B0075154A /* Debug */ = {
			isa = XCBuildConfiguration;
			buildSettings = {
				ALWAYS_SEARCH_USER_PATHS = NO;
				CLANG_ANALYZER_NONNULL = YES;
				CLANG_ANALYZER_NUMBER_OBJECT_CONVERSION = YES_AGGRESSIVE;
				CLANG_CXX_LANGUAGE_STANDARD = "gnu++14";
				CLANG_CXX_LIBRARY = "libc++";
				CLANG_ENABLE_MODULES = YES;
				CLANG_ENABLE_OBJC_ARC = YES;
				CLANG_ENABLE_OBJC_WEAK = YES;
				CLANG_WARN_BLOCK_CAPTURE_AUTORELEASING = YES;
				CLANG_WARN_BOOL_CONVERSION = YES;
				CLANG_WARN_COMMA = YES;
				CLANG_WARN_CONSTANT_CONVERSION = YES;
				CLANG_WARN_DEPRECATED_OBJC_IMPLEMENTATIONS = YES;
				CLANG_WARN_DIRECT_OBJC_ISA_USAGE = YES_ERROR;
				CLANG_WARN_DOCUMENTATION_COMMENTS = YES;
				CLANG_WARN_EMPTY_BODY = YES;
				CLANG_WARN_ENUM_CONVERSION = YES;
				CLANG_WARN_INFINITE_RECURSION = YES;
				CLANG_WARN_INT_CONVERSION = YES;
				CLANG_WARN_NON_LITERAL_NULL_CONVERSION = YES;
				CLANG_WARN_OBJC_IMPLICIT_RETAIN_SELF = YES;
				CLANG_WARN_OBJC_LITERAL_CONVERSION = YES;
				CLANG_WARN_OBJC_ROOT_CLASS = YES_ERROR;
				CLANG_WARN_RANGE_LOOP_ANALYSIS = YES;
				CLANG_WARN_STRICT_PROTOTYPES = YES;
				CLANG_WARN_SUSPICIOUS_MOVE = YES;
				CLANG_WARN_UNGUARDED_AVAILABILITY = YES_AGGRESSIVE;
				CLANG_WARN_UNREACHABLE_CODE = YES;
				CLANG_WARN__DUPLICATE_METHOD_MATCH = YES;
				CODE_SIGN_IDENTITY = "iPhone Developer";
				COPY_PHASE_STRIP = NO;
				DEBUG_INFORMATION_FORMAT = dwarf;
				ENABLE_STRICT_OBJC_MSGSEND = YES;
				ENABLE_TESTABILITY = YES;
				GCC_C_LANGUAGE_STANDARD = gnu11;
				GCC_DYNAMIC_NO_PIC = NO;
				GCC_NO_COMMON_BLOCKS = YES;
				GCC_OPTIMIZATION_LEVEL = 0;
				GCC_PREPROCESSOR_DEFINITIONS = (
					"DEBUG=1",
					"$(inherited)",
				);
				GCC_WARN_64_TO_32_BIT_CONVERSION = YES;
				GCC_WARN_ABOUT_RETURN_TYPE = YES_ERROR;
				GCC_WARN_UNDECLARED_SELECTOR = YES;
				GCC_WARN_UNINITIALIZED_AUTOS = YES_AGGRESSIVE;
				GCC_WARN_UNUSED_FUNCTION = YES;
				GCC_WARN_UNUSED_VARIABLE = YES;
				IPHONEOS_DEPLOYMENT_TARGET = 11.3;
				MTL_ENABLE_DEBUG_INFO = YES;
				ONLY_ACTIVE_ARCH = YES;
				SDKROOT = iphoneos;
				SWIFT_ACTIVE_COMPILATION_CONDITIONS = DEBUG;
				SWIFT_OPTIMIZATION_LEVEL = "-Onone";
			};
			name = Debug;
		};
		E8D043FF20BB299B0075154A /* Release */ = {
			isa = XCBuildConfiguration;
			buildSettings = {
				ALWAYS_SEARCH_USER_PATHS = NO;
				CLANG_ANALYZER_NONNULL = YES;
				CLANG_ANALYZER_NUMBER_OBJECT_CONVERSION = YES_AGGRESSIVE;
				CLANG_CXX_LANGUAGE_STANDARD = "gnu++14";
				CLANG_CXX_LIBRARY = "libc++";
				CLANG_ENABLE_MODULES = YES;
				CLANG_ENABLE_OBJC_ARC = YES;
				CLANG_ENABLE_OBJC_WEAK = YES;
				CLANG_WARN_BLOCK_CAPTURE_AUTORELEASING = YES;
				CLANG_WARN_BOOL_CONVERSION = YES;
				CLANG_WARN_COMMA = YES;
				CLANG_WARN_CONSTANT_CONVERSION = YES;
				CLANG_WARN_DEPRECATED_OBJC_IMPLEMENTATIONS = YES;
				CLANG_WARN_DIRECT_OBJC_ISA_USAGE = YES_ERROR;
				CLANG_WARN_DOCUMENTATION_COMMENTS = YES;
				CLANG_WARN_EMPTY_BODY = YES;
				CLANG_WARN_ENUM_CONVERSION = YES;
				CLANG_WARN_INFINITE_RECURSION = YES;
				CLANG_WARN_INT_CONVERSION = YES;
				CLANG_WARN_NON_LITERAL_NULL_CONVERSION = YES;
				CLANG_WARN_OBJC_IMPLICIT_RETAIN_SELF = YES;
				CLANG_WARN_OBJC_LITERAL_CONVERSION = YES;
				CLANG_WARN_OBJC_ROOT_CLASS = YES_ERROR;
				CLANG_WARN_RANGE_LOOP_ANALYSIS = YES;
				CLANG_WARN_STRICT_PROTOTYPES = YES;
				CLANG_WARN_SUSPICIOUS_MOVE = YES;
				CLANG_WARN_UNGUARDED_AVAILABILITY = YES_AGGRESSIVE;
				CLANG_WARN_UNREACHABLE_CODE = YES;
				CLANG_WARN__DUPLICATE_METHOD_MATCH = YES;
				CODE_SIGN_IDENTITY = "iPhone Developer";
				COPY_PHASE_STRIP = NO;
				DEBUG_INFORMATION_FORMAT = "dwarf-with-dsym";
				ENABLE_NS_ASSERTIONS = NO;
				ENABLE_STRICT_OBJC_MSGSEND = YES;
				GCC_C_LANGUAGE_STANDARD = gnu11;
				GCC_NO_COMMON_BLOCKS = YES;
				GCC_WARN_64_TO_32_BIT_CONVERSION = YES;
				GCC_WARN_ABOUT_RETURN_TYPE = YES_ERROR;
				GCC_WARN_UNDECLARED_SELECTOR = YES;
				GCC_WARN_UNINITIALIZED_AUTOS = YES_AGGRESSIVE;
				GCC_WARN_UNUSED_FUNCTION = YES;
				GCC_WARN_UNUSED_VARIABLE = YES;
				IPHONEOS_DEPLOYMENT_TARGET = 11.3;
				MTL_ENABLE_DEBUG_INFO = NO;
				SDKROOT = iphoneos;
				SWIFT_COMPILATION_MODE = wholemodule;
				SWIFT_OPTIMIZATION_LEVEL = "-O";
				VALIDATE_PRODUCT = YES;
			};
			name = Release;
		};
		E8D0440120BB299B0075154A /* Debug */ = {
			isa = XCBuildConfiguration;
			baseConfigurationReference = 1E60EF7C1FA04DB058D8AD97 /* Pods-FoodTracker.debug.xcconfig */;
			buildSettings = {
				ASSETCATALOG_COMPILER_APPICON_NAME = AppIcon;
				CODE_SIGN_IDENTITY = "iPhone Developer";
				CODE_SIGN_STYLE = Automatic;
				DEVELOPMENT_TEAM = 2C82CH36XF;
				INFOPLIST_FILE = FoodTracker/Info.plist;
				IPHONEOS_DEPLOYMENT_TARGET = 9.3;
				LD_RUNPATH_SEARCH_PATHS = (
					"$(inherited)",
					"@executable_path/Frameworks",
				);
				PRODUCT_BUNDLE_IDENTIFIER = huascar.example.foodtracker;
				PRODUCT_NAME = "$(TARGET_NAME)";
				PROVISIONING_PROFILE_SPECIFIER = "";
				SWIFT_VERSION = 4.0;
				TARGETED_DEVICE_FAMILY = "1,2";
			};
			name = Debug;
		};
		E8D0440220BB299B0075154A /* Release */ = {
			isa = XCBuildConfiguration;
			baseConfigurationReference = 95A2C73B7015531849720D8D /* Pods-FoodTracker.release.xcconfig */;
			buildSettings = {
				ASSETCATALOG_COMPILER_APPICON_NAME = AppIcon;
				CODE_SIGN_IDENTITY = "iPhone Developer";
				CODE_SIGN_STYLE = Automatic;
				DEVELOPMENT_TEAM = 2C82CH36XF;
				INFOPLIST_FILE = FoodTracker/Info.plist;
				IPHONEOS_DEPLOYMENT_TARGET = 9.3;
				LD_RUNPATH_SEARCH_PATHS = (
					"$(inherited)",
					"@executable_path/Frameworks",
				);
				PRODUCT_BUNDLE_IDENTIFIER = huascar.example.foodtracker;
				PRODUCT_NAME = "$(TARGET_NAME)";
				PROVISIONING_PROFILE_SPECIFIER = "";
				SWIFT_VERSION = 4.0;
				TARGETED_DEVICE_FAMILY = "1,2";
			};
			name = Release;
		};
		E8D0440420BB299B0075154A /* Debug */ = {
			isa = XCBuildConfiguration;
			baseConfigurationReference = 0E93566E51B2039ECB404A80 /* Pods-FoodTrackerTests.debug.xcconfig */;
			buildSettings = {
				ALWAYS_EMBED_SWIFT_STANDARD_LIBRARIES = YES;
				BUNDLE_LOADER = "$(TEST_HOST)";
				CODE_SIGN_STYLE = Automatic;
				INFOPLIST_FILE = FoodTrackerTests/Info.plist;
				LD_RUNPATH_SEARCH_PATHS = (
					"$(inherited)",
					"@executable_path/Frameworks",
					"@loader_path/Frameworks",
				);
				PRODUCT_BUNDLE_IDENTIFIER = com.example.FoodTrackerTests;
				PRODUCT_NAME = "$(TARGET_NAME)";
				SWIFT_VERSION = 4.0;
				TARGETED_DEVICE_FAMILY = "1,2";
				TEST_HOST = "$(BUILT_PRODUCTS_DIR)/FoodTracker.app/FoodTracker";
			};
			name = Debug;
		};
		E8D0440520BB299B0075154A /* Release */ = {
			isa = XCBuildConfiguration;
			baseConfigurationReference = 9D3FE9D31EF8CCE97EAE426B /* Pods-FoodTrackerTests.release.xcconfig */;
			buildSettings = {
				ALWAYS_EMBED_SWIFT_STANDARD_LIBRARIES = YES;
				BUNDLE_LOADER = "$(TEST_HOST)";
				CODE_SIGN_STYLE = Automatic;
				INFOPLIST_FILE = FoodTrackerTests/Info.plist;
				LD_RUNPATH_SEARCH_PATHS = (
					"$(inherited)",
					"@executable_path/Frameworks",
					"@loader_path/Frameworks",
				);
				PRODUCT_BUNDLE_IDENTIFIER = com.example.FoodTrackerTests;
				PRODUCT_NAME = "$(TARGET_NAME)";
				SWIFT_VERSION = 4.0;
				TARGETED_DEVICE_FAMILY = "1,2";
				TEST_HOST = "$(BUILT_PRODUCTS_DIR)/FoodTracker.app/FoodTracker";
			};
			name = Release;
		};
/* End XCBuildConfiguration section */

/* Begin XCConfigurationList section */
		E8D043DE20BB299A0075154A /* Build configuration list for PBXProject "FoodTracker" */ = {
			isa = XCConfigurationList;
			buildConfigurations = (
				E8D043FE20BB299B0075154A /* Debug */,
				E8D043FF20BB299B0075154A /* Release */,
			);
			defaultConfigurationIsVisible = 0;
			defaultConfigurationName = Release;
		};
		E8D0440020BB299B0075154A /* Build configuration list for PBXNativeTarget "FoodTracker" */ = {
			isa = XCConfigurationList;
			buildConfigurations = (
				E8D0440120BB299B0075154A /* Debug */,
				E8D0440220BB299B0075154A /* Release */,
			);
			defaultConfigurationIsVisible = 0;
			defaultConfigurationName = Release;
		};
		E8D0440320BB299B0075154A /* Build configuration list for PBXNativeTarget "FoodTrackerTests" */ = {
			isa = XCConfigurationList;
			buildConfigurations = (
				E8D0440420BB299B0075154A /* Debug */,
				E8D0440520BB299B0075154A /* Release */,
			);
			defaultConfigurationIsVisible = 0;
			defaultConfigurationName = Release;
		};
/* End XCConfigurationList section */
	};
	rootObject = E8D043DB20BB299A0075154A /* Project object */;
}
